{
  "lockfileVersion": 1,
  "configVersion": 1,
  "workspaces": {
    "": {
      "name": "@maipai/standards",
      "dependencies": {
        "zod": "^4.0.0",
      },
      "devDependencies": {
        "@apidevtools/json-schema-ref-parser": "^16.0.1",
        "json-schema-to-zod": "^2.6.1",
        "prettier": "^3.9.6",
      },
    },
  },
  "packages": {
    "@apidevtools/json-schema-ref-parser": ["@apidevtools/json-schema-ref-parser@16.0.1", "", { "dependencies": { "js-yaml": "^5.2.3", "undici": "^8.10.0" }, "peerDependencies": { "@types/json-schema": "^7.0.15" } }, "sha512-JmQn9gXVZ83h3IgC+xXVmR4CXWbX1TTyQBj+q4d8BeJqDWSSD/Q3GbkrjhAbXCZxtjnlljOjyy0vio14vQjJtg=="],

    "@types/json-schema": ["@types/json-schema@7.0.15", "", {}, "sha512-5+fP8P8MFNC+AyZCDxrB2pkZFPGzqQWUzpSeuuVLvm8VMcorNYavBqoFcxK8bQz4Qsbn4oUEEem4wDLfcysGHA=="],

    "argparse": ["argparse@2.0.1", "", {}, "sha512-8+9WqebbFzpX9OR+Wa6O29asIogeRMzcGtAINdpMHHyAg10f05aSFVBbcEqGf/PXw1EjAZ+q2/bEBg3DvurK3Q=="],

    "js-yaml": ["js-yaml@5.4.1", "", { "dependencies": { "argparse": "^2.0.1" }, "bin": { "js-yaml": "bin/js-yaml.mjs" } }, "sha512-28R/k+NAjeuf7+CKlTxWZVExJGwVVLwY06DgEnOMz2gEpfNkDcD7QvyiVPT0xy0XXhU8vHsd4Ot42OOPdJG7dQ=="],

    "json-schema-to-zod": ["json-schema-to-zod@2.8.1", "", { "bin": { "json-schema-to-zod": "dist/cjs/cli.js" } }, "sha512-fRr1mHgZ7hboLKBUdR428gd9dIHUFGivUqOeiDcSmyXkNZCtB1uGaZLvsjZ4GaN5pwBIs+TGIOf6s+Rp5/R/zA=="],

    "prettier": ["prettier@3.9.6", "", { "bin": { "prettier": "bin/prettier.cjs" } }, "sha512-OpN0zzVdiaiAhxpuuj5efpIS4sY9j7bY6uR5mnj5yPzGkdkjNKSJeUThPb60Jw29QuAZgA4o+/iB49kFiaBX6g=="],

    "undici": ["undici@8.10.1", "", {}, "sha512-YQ3WlbqjYMmNpdvDH64jAgLjxuAR9+649calDWhbshYaeQGO2bR4nI94ORJmwI3J9YhoKQnpyGOK+0zlWS5N5Q=="],

    "zod": ["zod@4.5.4", "", {}, "sha512-sC95tT5iHHH9gtpj6A81kh+NEaRAUFN+qlUPDUbRfOMvNf5QCBqsb3WgvnpVtK5Y+4UfA6KqufotuTvMGiTlsA=="],
  }
}
